// !$*UTF8*$!
{
	archiveVersion = 1;
	classes = {
	};
	objectVersion = 46;
	objects = {

/* Begin PBXBuildFile section */
		3CB59CA81A24FC8C00161B54 /* AppDelegate.swift in Sources */ = {isa = PBXBuildFile; fileRef = 3CB59CA71A24FC8C00161B54 /* AppDelegate.swift */; };
		3CB59CAD1A24FC8C00161B54 /* Main.storyboard in Resources */ = {isa = PBXBuildFile; fileRef = 3CB59CAB1A24FC8C00161B54 /* Main.storyboard */; };
		3CB59CAF1A24FC8C00161B54 /* Images.xcassets in Resources */ = {isa = PBXBuildFile; fileRef = 3CB59CAE1A24FC8C00161B54 /* Images.xcassets */; };
		3CB59CB21A24FC8C00161B54 /* LaunchScreen.xib in Resources */ = {isa = PBXBuildFile; fileRef = 3CB59CB01A24FC8C00161B54 /* LaunchScreen.xib */; };
		3CB59CBE1A24FC8C00161B54 /* Swift_SideBarMenu_NSNotificationTests.swift in Sources */ = {isa = PBXBuildFile; fileRef = 3CB59CBD1A24FC8C00161B54 /* Swift_SideBarMenu_NSNotificationTests.swift */; };
		3CB59CC81A24FCC200161B54 /* ContinerViewController.swift in Sources */ = {isa = PBXBuildFile; fileRef = 3CB59CC71A24FCC200161B54 /* ContinerViewController.swift */; };
		3CB59CCA1A24FE6400161B54 /* SideMenuTableViewController.swift in Sources */ = {isa = PBXBuildFile; fileRef = 3CB59CC91A24FE6400161B54 /* SideMenuTableViewController.swift */; };
		3CB59CCC1A24FF3300161B54 /* GreenViewController.swift in Sources */ = {isa = PBXBuildFile; fileRef = 3CB59CCB1A24FF3300161B54 /* GreenViewController.swift */; };
		3CB59CCE1A25039800161B54 /* GreenNavViewController.swift in Sources */ = {isa = PBXBuildFile; fileRef = 3CB59CCD1A25039800161B54 /* GreenNavViewController.swift */; };
/* End PBXBuildFile section */

/* Begin PBXContainerItemProxy section */
		3CB59CB81A24FC8C00161B54 /* PBXContainerItemProxy */ = {
			isa = PBXContainerItemProxy;
			containerPortal = 3CB59C9A1A24FC8C00161B54 /* Project object */;
			proxyType = 1;
			remoteGlobalIDString = 3CB59CA11A24FC8C00161B54;
			remoteInfo = Swift_SideBarMenu_NSNotification;
		};
/* End PBXContainerItemProxy section */

/* Begin PBXFileReference section */
		3CB59CA21A24FC8C00161B54 /* Swift_SideBarMenu_NSNotification.app */ = {isa = PBXFileReference; explicitFileType = wrapper.application; includeInIndex = 0; path = Swift_SideBarMenu_NSNotification.app; sourceTree = BUILT_PRODUCTS_DIR; };
		3CB59CA61A24FC8C00161B54 /* Info.plist */ = {isa = PBXFileReference; lastKnownFileType = text.plist.xml; path = Info.plist; sourceTree = "<group>"; };
		3CB59CA71A24FC8C00161B54 /* AppDelegate.swift */ = {isa = PBXFileReference; lastKnownFileType = sourcecode.swift; path = AppDelegate.swift; sourceTree = "<group>"; };
		3CB59CAC1A24FC8C00161B54 /* Base */ = {isa = PBXFileReference; lastKnownFileType = file.storyboard; name = Base; path = Base.lproj/Main.storyboard; sourceTree = "<group>"; };
		3CB59CAE1A24FC8C00161B54 /* Images.xcassets */ = {isa = PBXFileReference; lastKnownFileType = folder.assetcatalog; path = Images.xcassets; sourceTree = "<group>"; };
		3CB59CB11A24FC8C00161B54 /* Base */ = {isa = PBXFileReference; lastKnownFileType = file.xib; name = Base; path = Base.lproj/LaunchScreen.xib; sourceTree = "<group>"; };
		3CB59CB71A24FC8C00161B54 /* Swift_SideBarMenu_NSNotificationTests.xctest */ = {isa = PBXFileReference; explicitFileType = wrapper.cfbundle; includeInIndex = 0; path = Swift_SideBarMenu_NSNotificationTests.xctest; sourceTree = BUILT_PRODUCTS_DIR; };
		3CB59CBC1A24FC8C00161B54 /* Info.plist */ = {isa = PBXFileReference; lastKnownFileType = text.plist.xml; path = Info.plist; sourceTree = "<group>"; };
		3CB59CBD1A24FC8C00161B54 /* Swift_SideBarMenu_NSNotificationTests.swift */ = {isa = PBXFileReference; lastKnownFileType = sourcecode.swift; path = Swift_SideBarMenu_NSNotificationTests.swift; sourceTree = "<group>"; };
		3CB59CC71A24FCC200161B54 /* ContinerViewController.swift */ = {isa = PBXFileReference; fileEncoding = 4; lastKnownFileType = sourcecode.swift; path = ContinerViewController.swift; sourceTree = "<group>"; };
		3CB59CC91A24FE6400161B54 /* SideMenuTableViewController.swift */ = {isa = PBXFileReference; fileEncoding = 4; lastKnownFileType = sourcecode.swift; path = SideMenuTableViewController.swift; sourceTree = "<group>"; };
		3CB59CCB1A24FF3300161B54 /* GreenViewController.swift */ = {isa = PBXFileReference; fileEncoding = 4; lastKnownFileType = sourcecode.swift; path = GreenViewController.swift; sourceTree = "<group>"; };
		3CB59CCD1A25039800161B54 /* GreenNavViewController.swift */ = {isa = PBXFileReference; fileEncoding = 4; lastKnownFileType = sourcecode.swift; path = GreenNavViewController.swift; sourceTree = "<group>"; };
/* End PBXFileReference section */

/* Begin PBXFrameworksBuildPhase section */
		3CB59C9F1A24FC8C00161B54 /* Frameworks */ = {
			isa = PBXFrameworksBuildPhase;
			buildActionMask = 2147483647;
			files = (
			);
			runOnlyForDeploymentPostprocessing = 0;
		};
		3CB59CB41A24FC8C00161B54 /* Frameworks */ = {
			isa = PBXFrameworksBuildPhase;
			buildActionMask = 2147483647;
			files = (
			);
			runOnlyForDeploymentPostprocessing = 0;
		};
/* End PBXFrameworksBuildPhase section */

/* Begin PBXGroup section */
		3CB59C991A24FC8C00161B54 = {
			isa = PBXGroup;
			children = (
				3CB59CA41A24FC8C00161B54 /* Swift_SideBarMenu_NSNotification */,
				3CB59CBA1A24FC8C00161B54 /* Swift_SideBarMenu_NSNotificationTests */,
				3CB59CA31A24FC8C00161B54 /* Products */,
			);
			sourceTree = "<group>";
		};
		3CB59CA31A24FC8C00161B54 /* Products */ = {
			isa = PBXGroup;
			children = (
				3CB59CA21A24FC8C00161B54 /* Swift_SideBarMenu_NSNotification.app */,
				3CB59CB71A24FC8C00161B54 /* Swift_SideBarMenu_NSNotificationTests.xctest */,
			);
			name = Products;
			sourceTree = "<group>";
		};
		3CB59CA41A24FC8C00161B54 /* Swift_SideBarMenu_NSNotification */ = {
			isa = PBXGroup;
			children = (
				3CB59CA71A24FC8C00161B54 /* AppDelegate.swift */,
				3CB59CAB1A24FC8C00161B54 /* Main.storyboard */,
				3CB59CC71A24FCC200161B54 /* ContinerViewController.swift */,
				3CB59CC91A24FE6400161B54 /* SideMenuTableViewController.swift */,
				3CB59CCD1A25039800161B54 /* GreenNavViewController.swift */,
				3CB59CCB1A24FF3300161B54 /* GreenViewController.swift */,
				3CB59CAE1A24FC8C00161B54 /* Images.xcassets */,
				3CB59CB01A24FC8C00161B54 /* LaunchScreen.xib */,
				3CB59CA51A24FC8C00161B54 /* Supporting Files */,
			);
			path = Swift_SideBarMenu_NSNotification;
			sourceTree = "<group>";
		};
		3CB59CA51A24FC8C00161B54 /* Supporting Files */ = {
			isa = PBXGroup;
			children = (
				3CB59CA61A24FC8C00161B54 /* Info.plist */,
			);
			name = "Supporting Files";
			sourceTree = "<group>";
		};
		3CB59CBA1A24FC8C00161B54 /* Swift_SideBarMenu_NSNotificationTests */ = {
			isa = PBXGroup;
			children = (
				3CB59CBD1A24FC8C00161B54 /* Swift_SideBarMenu_NSNotificationTests.swift */,
				3CB59CBB1A24FC8C00161B54 /* Supporting Files */,
			);
			path = Swift_SideBarMenu_NSNotificationTests;
			sourceTree = "<group>";
		};
		3CB59CBB1A24FC8C00161B54 /* Supporting Files */ = {
			isa = PBXGroup;
			children = (
				3CB59CBC1A24FC8C00161B54 /* Info.plist */,
			);
			name = "Supporting Files";
			sourceTree = "<group>";
		};
/* End PBXGroup section */

/* Begin PBXNativeTarget section */
		3CB59CA11A24FC8C00161B54 /* Swift_SideBarMenu_NSNotification */ = {
			isa = PBXNativeTarget;
			buildConfigurationList = 3CB59CC11A24FC8C00161B54 /* Build configuration list for PBXNativeTarget "Swift_SideBarMenu_NSNotification" */;
			buildPhases = (
				3CB59C9E1A24FC8C00161B54 /* Sources */,
				3CB59C9F1A24FC8C00161B54 /* Frameworks */,
				3CB59CA01A24FC8C00161B54 /* Resources */,
			);
			buildRules = (
			);
			dependencies = (
			);
			name = Swift_SideBarMenu_NSNotification;
			productName = Swift_SideBarMenu_NSNotification;
			productReference = 3CB59CA21A24FC8C00161B54 /* Swift_SideBarMenu_NSNotification.app */;
			productType = "com.apple.product-type.application";
		};
		3CB59CB61A24FC8C00161B54 /* Swift_SideBarMenu_NSNotificationTests */ = {
			isa = PBXNativeTarget;
			buildConfigurationList = 3CB59CC41A24FC8C00161B54 /* Build configuration list for PBXNativeTarget "Swift_SideBarMenu_NSNotificationTests" */;
			buildPhases = (
				3CB59CB31A24FC8C00161B54 /* Sources */,
				3CB59CB41A24FC8C00161B54 /* Frameworks */,
				3CB59CB51A24FC8C00161B54 /* Resources */,
			);
			buildRules = (
			);
			dependencies = (
				3CB59CB91A24FC8C00161B54 /* PBXTargetDependency */,
			);
			name = Swift_SideBarMenu_NSNotificationTests;
			productName = Swift_SideBarMenu_NSNotificationTests;
			productReference = 3CB59CB71A24FC8C00161B54 /* Swift_SideBarMenu_NSNotificationTests.xctest */;
			productType = "com.apple.product-type.bundle.unit-test";
		};
/* End PBXNativeTarget section */

/* Begin PBXProject section */
		3CB59C9A1A24FC8C00161B54 /* Project object */ = {
			isa = PBXProject;
			attributes = {
				LastUpgradeCheck = 0610;
				ORGANIZATIONNAME = Jin;
				TargetAttributes = {
					3CB59CA11A24FC8C00161B54 = {
						CreatedOnToolsVersion = 6.1;
					};
					3CB59CB61A24FC8C00161B54 = {
						CreatedOnToolsVersion = 6.1;
						TestTargetID = 3CB59CA11A24FC8C00161B54;
					};
				};
			};
			buildConfigurationList = 3CB59C9D1A24FC8C00161B54 /* Build configuration list for PBXProject "Swift_SideBarMenu_NSNotification" */;
			compatibilityVersion = "Xcode 3.2";
			developmentRegion = English;
			hasScannedForEncodings = 0;
			knownRegions = (
				en,
				Base,
			);
			mainGroup = 3CB59C991A24FC8C00161B54;
			productRefGroup = 3CB59CA31A24FC8C00161B54 /* Products */;
			projectDirPath = "";
			projectRoot = "";
			targets = (
				3CB59CA11A24FC8C00161B54 /* Swift_SideBarMenu_NSNotification */,
				3CB59CB61A24FC8C00161B54 /* Swift_SideBarMenu_NSNotificationTests */,
			);
		};
/* End PBXProject section */

/* Begin PBXResourcesBuildPhase section */
		3CB59CA01A24FC8C00161B54 /* Resources */ = {
			isa = PBXResourcesBuildPhase;
			buildActionMask = 2147483647;
			files = (
				3CB59CAD1A24FC8C00161B54 /* Main.storyboard in Resources */,
				3CB59CB21A24FC8C00161B54 /* LaunchScreen.xib in Resources */,
				3CB59CAF1A24FC8C00161B54 /* Images.xcassets in Resources */,
			);
			runOnlyForDeploymentPostprocessing = 0;
		};
		3CB59CB51A24FC8C00161B54 /* Resources */ = {
			isa = PBXResourcesBuildPhase;
			buildActionMask = 2147483647;
			files = (
			);
			runOnlyForDeploymentPostprocessing = 0;
		};
/* End PBXResourcesBuildPhase section */

/* Begin PBXSourcesBuildPhase section */
		3CB59C9E1A24FC8C00161B54 /* Sources */ = {
			isa = PBXSourcesBuildPhase;
			buildActionMask = 2147483647;
			files = (
				3CB59CCC1A24FF3300161B54 /* GreenViewController.swift in Sources */,
				3CB59CC81A24FCC200161B54 /* ContinerViewController.swift in Sources */,
				3CB59CCA1A24FE6400161B54 /* SideMenuTableViewController.swift in Sources */,
				3CB59CA81A24FC8C00161B54 /* AppDelegate.swift in Sources */,
				3CB59CCE1A25039800161B54 /* GreenNavViewController.swift in Sources */,
			);
			runOnlyForDeploymentPostprocessing = 0;
		};
		3CB59CB31A24FC8C00161B54 /* Sources */ = {
			isa = PBXSourcesBuildPhase;
			buildActionMask = 2147483647;
			files = (
				3CB59CBE1A24FC8C00161B54 /* Swift_SideBarMenu_NSNotificationTests.swift in Sources */,
			);
			runOnlyForDeploymentPostprocessing = 0;
		};
/* End PBXSourcesBuildPhase section */

/* Begin PBXTargetDependency section */
		3CB59CB91A24FC8C00161B54 /* PBXTargetDependency */ = {
			isa = PBXTargetDependency;
			target = 3CB59CA11A24FC8C00161B54 /* Swift_SideBarMenu_NSNotification */;
			targetProxy = 3CB59CB81A24FC8C00161B54 /* PBXContainerItemProxy */;
		};
/* End PBXTargetDependency section */

/* Begin PBXVariantGroup section */
		3CB59CAB1A24FC8C00161B54 /* Main.storyboard */ = {
			isa = PBXVariantGroup;
			children = (
				3CB59CAC1A24FC8C00161B54 /* Base */,
			);
			name = Main.storyboard;
			sourceTree = "<group>";
		};
		3CB59CB01A24FC8C00161B54 /* LaunchScreen.xib */ = {
			isa = PBXVariantGroup;
			children = (
				3CB59CB11A24FC8C00161B54 /* Base */,
			);
			name = LaunchScreen.xib;
			sourceTree = "<group>";
		};
/* End PBXVariantGroup section */

/* Begin XCBuildConfiguration section */
		3CB59CBF1A24FC8C00161B54 /* Debug */ = {
			isa = XCBuildConfiguration;
			buildSettings = {
				ALWAYS_SEARCH_USER_PATHS = NO;
				CLANG_CXX_LANGUAGE_STANDARD = "gnu++0x";
				CLANG_CXX_LIBRARY = "libc++";
				CLANG_ENABLE_MODULES = YES;
				CLANG_ENABLE_OBJC_ARC = YES;
				CLANG_WARN_BOOL_CONVERSION = YES;
				CLANG_WARN_CONSTANT_CONVERSION = YES;
				CLANG_WARN_DIRECT_OBJC_ISA_USAGE = YES_ERROR;
				CLANG_WARN_EMPTY_BODY = YES;
				CLANG_WARN_ENUM_CONVERSION = YES;
				CLANG_WARN_INT_CONVERSION = YES;
				CLANG_WARN_OBJC_ROOT_CLASS = YES_ERROR;
				CLANG_WARN_UNREACHABLE_CODE = YES;
				CLANG_WARN__DUPLICATE_METHOD_MATCH = YES;
				"CODE_SIGN_IDENTITY[sdk=iphoneos*]" = "iPhone Developer";
				COPY_PHASE_STRIP = NO;
				ENABLE_STRICT_OBJC_MSGSEND = YES;
				GCC_C_LANGUAGE_STANDARD = gnu99;
				GCC_DYNAMIC_NO_PIC = NO;
				GCC_OPTIMIZATION_LEVEL = 0;
				GCC_PREPROCESSOR_DEFINITIONS = (
					"DEBUG=1",
					"$(inherited)",
				);
				GCC_SYMBOLS_PRIVATE_EXTERN = NO;
				GCC_WARN_64_TO_32_BIT_CONVERSION = YES;
				GCC_WARN_ABOUT_RETURN_TYPE = YES_ERROR;
				GCC_WARN_UNDECLARED_SELECTOR = YES;
				GCC_WARN_UNINITIALIZED_AUTOS = YES_AGGRESSIVE;
				GCC_WARN_UNUSED_FUNCTION = YES;
				GCC_WARN_UNUSED_VARIABLE = YES;
				IPHONEOS_DEPLOYMENT_TARGET = 8.1;
				MTL_ENABLE_DEBUG_INFO = YES;
				ONLY_ACTIVE_ARCH = YES;
				SDKROOT = iphoneos;
				SWIFT_OPTIMIZATION_LEVEL = "-Onone";
				TARGETED_DEVICE_FAMILY = "1,2";
			};
			name = Debug;
		};
		3CB59CC01A24FC8C00161B54 /* Release */ = {
			isa = XCBuildConfiguration;
			buildSettings = {
				ALWAYS_SEARCH_USER_PATHS = NO;
				CLANG_CXX_LANGUAGE_STANDARD = "gnu++0x";
				CLANG_CXX_LIBRARY = "libc++";
				CLANG_ENABLE_MODULES = YES;
				CLANG_ENABLE_OBJC_ARC = YES;
				CLANG_WARN_BOOL_CONVERSION = YES;
				CLANG_WARN_CONSTANT_CONVERSION = YES;
				CLANG_WARN_DIRECT_OBJC_ISA_USAGE = YES_ERROR;
				CLANG_WARN_EMPTY_BODY = YES;
				CLANG_WARN_ENUM_CONVERSION = YES;
				CLANG_WARN_INT_CONVERSION = YES;
				CLANG_WARN_OBJC_ROOT_CLASS = YES_ERROR;
				CLANG_WARN_UNREACHABLE_CODE = YES;
				CLANG_WARN__DUPLICATE_METHOD_MATCH = YES;
				"CODE_SIGN_IDENTITY[sdk=iphoneos*]" = "iPhone Developer";
				COPY_PHASE_STRIP = YES;
				ENABLE_NS_ASSERTIONS = NO;
				ENABLE_STRICT_OBJC_MSGSEND = YES;
				GCC_C_LANGUAGE_STANDARD = gnu99;
				GCC_WARN_64_TO_32_BIT_CONVERSION = YES;
				GCC_WARN_ABOUT_RETURN_TYPE = YES_ERROR;
				GCC_WARN_UNDECLARED_SELECTOR = YES;
				GCC_WARN_UNINITIALIZED_AUTOS = YES_AGGRESSIVE;
				GCC_WARN_UNUSED_FUNCTION = YES;
				GCC_WARN_UNUSED_VARIABLE = YES;
				IPHONEOS_DEPLOYMENT_TARGET = 8.1;
				MTL_ENABLE_DEBUG_INFO = NO;
				SDKROOT = iphoneos;
				TARGETED_DEVICE_FAMILY = "1,2";
				VALIDATE_PRODUCT = YES;
			};
			name = Release;
		};
		3CB59CC21A24FC8C00161B54 /* Debug */ = {
			isa = XCBuildConfiguration;
			buildSettings = {
				ASSETCATALOG_COMPILER_APPICON_NAME = AppIcon;
				INFOPLIST_FILE = Swift_SideBarMenu_NSNotification/Info.plist;
				LD_RUNPATH_SEARCH_PATHS = "$(inherited) @executable_path/Frameworks";
				PRODUCT_NAME = "$(TARGET_NAME)";
			};
			name = Debug;
		};
		3CB59CC31A24FC8C00161B54 /* Release */ = {
			isa = XCBuildConfiguration;
			buildSettings = {
				ASSETCATALOG_COMPILER_APPICON_NAME = AppIcon;
				INFOPLIST_FILE = Swift_SideBarMenu_NSNotification/Info.plist;
				LD_RUNPATH_SEARCH_PATHS = "$(inherited) @executable_path/Frameworks";
				PRODUCT_NAME = "$(TARGET_NAME)";
			};
			name = Release;
		};
		3CB59CC51A24FC8C00161B54 /* Debug */ = {
			isa = XCBuildConfiguration;
			buildSettings = {
				BUNDLE_LOADER = "$(TEST_HOST)";
				FRAMEWORK_SEARCH_PATHS = (
					"$(SDKROOT)/Developer/Library/Frameworks",
					"$(inherited)",
				);
				GCC_PREPROCESSOR_DEFINITIONS = (
					"DEBUG=1",
					"$(inherited)",
				);
				INFOPLIST_FILE = Swift_SideBarMenu_NSNotificationTests/Info.plist;
				LD_RUNPATH_SEARCH_PATHS = "$(inherited) @executable_path/Frameworks @loader_path/Frameworks";
				PRODUCT_NAME = "$(TARGET_NAME)";
				TEST_HOST = "$(BUILT_PRODUCTS_DIR)/Swift_SideBarMenu_NSNotification.app/Swift_SideBarMenu_NSNotification";
			};
			name = Debug;
		};
		3CB59CC61A24FC8C00161B54 /* Release */ = {
			isa = XCBuildConfiguration;
			buildSettings = {
				BUNDLE_LOADER = "$(TEST_HOST)";
				FRAMEWORK_SEARCH_PATHS = (
					"$(SDKROOT)/Developer/Library/Frameworks",
					"$(inherited)",
				);
				INFOPLIST_FILE = Swift_SideBarMenu_NSNotificationTests/Info.plist;
				LD_RUNPATH_SEARCH_PATHS = "$(inherited) @executable_path/Frameworks @loader_path/Frameworks";
				PRODUCT_NAME = "$(TARGET_NAME)";
				TEST_HOST = "$(BUILT_PRODUCTS_DIR)/Swift_SideBarMenu_NSNotification.app/Swift_SideBarMenu_NSNotification";
			};
			name = Release;
		};
/* End XCBuildConfiguration section */

/* Begin XCConfigurationList section */
		3CB59C9D1A24FC8C00161B54 /* Build configuration list for PBXProject "Swift_SideBarMenu_NSNotification" */ = {
			isa = XCConfigurationList;
			buildConfigurations = (
				3CB59CBF1A24FC8C00161B54 /* Debug */,
				3CB59CC01A24FC8C00161B54 /* Release */,
			);
			defaultConfigurationIsVisible = 0;
			defaultConfigurationName = Release;
		};
		3CB59CC11A24FC8C00161B54 /* Build configuration list for PBXNativeTarget "Swift_SideBarMenu_NSNotification" */ = {
			isa = XCConfigurationList;
			buildConfigurations = (
				3CB59CC21A24FC8C00161B54 /* Debug */,
				3CB59CC31A24FC8C00161B54 /* Release */,
			);
			defaultConfigurationIsVisible = 0;
		};
		3CB59CC41A24FC8C00161B54 /* Build configuration list for PBXNativeTarget "Swift_SideBarMenu_NSNotificationTests" */ = {
			isa = XCConfigurationList;
			buildConfigurations = (
				3CB59CC51A24FC8C00161B54 /* Debug */,
				3CB59CC61A24FC8C00161B54 /* Release */,
			);
			defaultConfigurationIsVisible = 0;
		};
/* End XCConfigurationList section */
	};
	rootObject = 3CB59C9A1A24FC8C00161B54 /* Project object */;
}
